{
  "pins" : [
    {
      "identity" : "sdwebimage",
      "kind" : "remoteSourceControl",
      "location" : "https://github.com/SDWebImage/SDWebImage.git",
      "state" : {
        "revision" : "4178d12a44691182c2eb79c70281b14cb73f4cbf",
        "version" : "5.14.3"
      }
    }
  ],
  "version" : 2
}
